
Microsoft Visual Studio Solution File, Format Version 12.00
# Visual Studio Version 16
VisualStudioVersion = 16.0.31019.35
MinimumVisualStudioVersion = 10.0.40219.1
Project("{8BC9CEB8-8B4A-11D0-8D11-00A0C91BC942}") = "assignment89-TutorialsGUI", "assignment89-TutorialsGUI.vcxproj", "{B4104E51-E83E-4909-A5FD-1728A0614564}"
EndProject
Global
	GlobalSection(SolutionConfigurationPlatforms) = preSolution
		Debug|x64 = Debug|x64
		Release|x64 = Release|x64
	EndGlobalSection
	GlobalSection(ProjectConfigurationPlatforms) = postSolution
		{B4104E51-E83E-4909-A5FD-1728A0614564}.Debug|x64.ActiveCfg = Debug|x64
		{B4104E51-E83E-4909-A5FD-1728A0614564}.Debug|x64.Build.0 = Debug|x64
		{B4104E51-E83E-4909-A5FD-1728A0614564}.Release|x64.ActiveCfg = Release|x64
		{B4104E51-E83E-4909-A5FD-1728A0614564}.Release|x64.Build.0 = Release|x64
	EndGlobalSection
	GlobalSection(SolutionProperties) = preSolution
		HideSolutionNode = FALSE
	EndGlobalSection
	GlobalSection(ExtensibilityGlobals) = postSolution
		SolutionGuid = {D0153487-05FE-4745-89DE-6C0082ED9BC5}
	EndGlobalSection
EndGlobal
